{
  "requires": true,
  "lockfileVersion": 1,
  "dependencies": {
    "sweetalert2": {
      "version": "10.3.0",
      "resolved": "https://registry.npmjs.org/sweetalert2/-/sweetalert2-10.3.0.tgz",
      "integrity": "sha512-vvdC1ctH/vHw2h6HzWVP1qtqLkeDPBhpy9TXQ6urgrR5T67E7xG9d4IKla4V3/gAUGtUnNO+s0bAoITP2aj3lg=="
    }
  }
}
